version: 2.0
shards:
  backtracer:
    git: https://github.com/sija/backtracer.cr.git
    version: 1.2.4

  exception_page:
    git: https://github.com/crystal-loot/exception_page.git
    version: 0.5.0

  kemal:
    git: https://github.com/kemalcr/kemal.git
    version: 1.7.1

  radix:
    git: https://github.com/luislavena/radix.git
    version: 0.4.1

  v4cr:
    git: https://github.com/ralsina/v4cr.git
    version: 0.1.0+git.commit.61ad7e4bd19376ac9edaf29668cb3e6d4b952587

